// !$*UTF8*$!
{
	archiveVersion = 1;
	classes = {
	};
	objectVersion = 46;
	objects = {

/* Begin PBXBuildFile section */
		1C608A9018A4422EA1952C9C /* VexFSFileSystem.swift in Sources */ = {isa = PBXBuildFile; fileRef = 2F39B3A14283D310941712A9 /* VexFSFileSystem.swift */; };
		1EA761C45020F997EB84C888 /* VexFSVolume.swift in Sources */ = {isa = PBXBuildFile; fileRef = 44C93C9A924C2FE4F6908B8B /* VexFSVolume.swift */; };
		3780F8276301D1A2E0BFA83A /* VexFSItem.swift in Sources */ = {isa = PBXBuildFile; fileRef = 7E0E0BBFF61E43527CEFB2D3 /* VexFSItem.swift */; };
		3C4A509CFA9740CED0FA6288 /* VexFSAppEx.appex in Embed ExtensionKit Extensions */ = {isa = PBXBuildFile; fileRef = B9426785DC8CB247B8D17175 /* VexFSAppEx.appex */; settings = {ATTRIBUTES = (RemoveHeadersOnCopy, ); }; };
		42FDB23ACE4332A35F1EC106 /* ContentView.swift in Sources */ = {isa = PBXBuildFile; fileRef = ACD925958EF883345CE46C7D /* ContentView.swift */; };
		45F16BD430300F6F029AE478 /* Cocoa.framework in Frameworks */ = {isa = PBXBuildFile; fileRef = 7462B11A9FB54192939A31FB /* Cocoa.framework */; };
		5E2138B682A54BE885D561E1 /* FSKit.framework in Frameworks */ = {isa = PBXBuildFile; fileRef = 8B6A0DDE2868EC68E6A66B4B /* FSKit.framework */; };
		6C5EE8691215FE2119F96681 /* Cocoa.framework in Frameworks */ = {isa = PBXBuildFile; fileRef = 7462B11A9FB54192939A31FB /* Cocoa.framework */; };
		94CD0A2563F9AFB2FD7F6D7F /* VexFSApp.swift in Sources */ = {isa = PBXBuildFile; fileRef = 6D28655136F6C3AE749EC51A /* VexFSApp.swift */; };
		B5409F3CA8A4250DE5EC350D /* VexFSAppEx.swift in Sources */ = {isa = PBXBuildFile; fileRef = AE67026F8EE22D6D7FDDF80B /* VexFSAppEx.swift */; };
		EFE51E86624B1AAEE193E04A /* VexFSVolume+Operations.swift in Sources */ = {isa = PBXBuildFile; fileRef = 61EE820F7CF3E4F8A29B0443 /* VexFSVolume+Operations.swift */; };
		FC4015CAE58C58A33AB7D39B /* VexFSBackend.swift in Sources */ = {isa = PBXBuildFile; fileRef = ADC6AEF286D1A4ABBB5D64FC /* VexFSBackend.swift */; };
/* End PBXBuildFile section */

/* Begin PBXContainerItemProxy section */
		27172AE9F45A0ED82BF173F0 /* PBXContainerItemProxy */ = {
			isa = PBXContainerItemProxy;
			containerPortal = ED84B2349ED06A80AABDC7EC /* Project object */;
			proxyType = 1;
			remoteGlobalIDString = 755E955E75926D9A199A34AE;
			remoteInfo = VexFSAppEx;
		};
/* End PBXContainerItemProxy section */

/* Begin PBXCopyFilesBuildPhase section */
		AE3E23C090B6C56902DD5920 /* Embed ExtensionKit Extensions */ = {
			isa = PBXCopyFilesBuildPhase;
			buildActionMask = 2147483647;
			dstPath = "$(EXTENSIONS_FOLDER_PATH)";
			dstSubfolderSpec = 16;
			files = (
				3C4A509CFA9740CED0FA6288 /* VexFSAppEx.appex in Embed ExtensionKit Extensions */,
			);
			name = "Embed ExtensionKit Extensions";
			runOnlyForDeploymentPostprocessing = 0;
		};
/* End PBXCopyFilesBuildPhase section */

/* Begin PBXFileReference section */
		2B548BA0C8FC4FE83BDADFAA /* VexFSApp.entitlements */ = {isa = PBXFileReference; includeInIndex = 1; lastKnownFileType = text.plist.entitlements; path = VexFSApp.entitlements; sourceTree = "<group>"; };
		2F39B3A14283D310941712A9 /* VexFSFileSystem.swift */ = {isa = PBXFileReference; includeInIndex = 1; lastKnownFileType = sourcecode.swift; path = VexFSFileSystem.swift; sourceTree = "<group>"; };
		44C93C9A924C2FE4F6908B8B /* VexFSVolume.swift */ = {isa = PBXFileReference; includeInIndex = 1; lastKnownFileType = sourcecode.swift; path = VexFSVolume.swift; sourceTree = "<group>"; };
		50A67298EECEEE0C501FD3D7 /* VexFS-Bridging-Header.h */ = {isa = PBXFileReference; includeInIndex = 1; lastKnownFileType = sourcecode.c.h; path = "VexFS-Bridging-Header.h"; sourceTree = "<group>"; };
		61EE820F7CF3E4F8A29B0443 /* VexFSVolume+Operations.swift */ = {isa = PBXFileReference; includeInIndex = 1; lastKnownFileType = sourcecode.swift; path = "VexFSVolume+Operations.swift"; sourceTree = "<group>"; };
		6D28655136F6C3AE749EC51A /* VexFSApp.swift */ = {isa = PBXFileReference; includeInIndex = 1; lastKnownFileType = sourcecode.swift; path = VexFSApp.swift; sourceTree = "<group>"; };
		7462B11A9FB54192939A31FB /* Cocoa.framework */ = {isa = PBXFileReference; lastKnownFileType = wrapper.framework; name = Cocoa.framework; path = Platforms/MacOSX.platform/Developer/SDKs/MacOSX15.0.sdk/System/Library/Frameworks/Cocoa.framework; sourceTree = DEVELOPER_DIR; };
		7E0E0BBFF61E43527CEFB2D3 /* VexFSItem.swift */ = {isa = PBXFileReference; includeInIndex = 1; lastKnownFileType = sourcecode.swift; path = VexFSItem.swift; sourceTree = "<group>"; };
		8B6A0DDE2868EC68E6A66B4B /* FSKit.framework */ = {isa = PBXFileReference; lastKnownFileType = wrapper.framework; name = FSKit.framework; path = System/Library/Frameworks/FSKit.framework; sourceTree = SDKROOT; };
		92DD930797D5751B88DD0B4C /* VexFSAppEx.entitlements */ = {isa = PBXFileReference; includeInIndex = 1; lastKnownFileType = text.plist.entitlements; path = VexFSAppEx.entitlements; sourceTree = "<group>"; };
		955CCBFC4ADDE7F3B2AB6171 /* VexFSApp.app */ = {isa = PBXFileReference; explicitFileType = wrapper.application; includeInIndex = 0; path = VexFSApp.app; sourceTree = BUILT_PRODUCTS_DIR; };
		ACD925958EF883345CE46C7D /* ContentView.swift */ = {isa = PBXFileReference; includeInIndex = 1; lastKnownFileType = sourcecode.swift; path = ContentView.swift; sourceTree = "<group>"; };
		ADC6AEF286D1A4ABBB5D64FC /* VexFSBackend.swift */ = {isa = PBXFileReference; includeInIndex = 1; lastKnownFileType = sourcecode.swift; path = VexFSBackend.swift; sourceTree = "<group>"; };
		AE67026F8EE22D6D7FDDF80B /* VexFSAppEx.swift */ = {isa = PBXFileReference; includeInIndex = 1; lastKnownFileType = sourcecode.swift; path = VexFSAppEx.swift; sourceTree = "<group>"; };
		B9426785DC8CB247B8D17175 /* VexFSAppEx.appex */ = {isa = PBXFileReference; explicitFileType = "wrapper.extensionkit-extension"; includeInIndex = 0; path = VexFSAppEx.appex; sourceTree = BUILT_PRODUCTS_DIR; };
		C0B85E0FADEEE8DCCF88E2F2 /* Info.plist */ = {isa = PBXFileReference; includeInIndex = 1; lastKnownFileType = text.plist.xml; path = Info.plist; sourceTree = "<group>"; };
/* End PBXFileReference section */

/* Begin PBXFrameworksBuildPhase section */
		A44DD1638B2FEDF54E7E6D9A /* Frameworks */ = {
			isa = PBXFrameworksBuildPhase;
			buildActionMask = 2147483647;
			files = (
				6C5EE8691215FE2119F96681 /* Cocoa.framework in Frameworks */,
			);
			runOnlyForDeploymentPostprocessing = 0;
		};
		FB3B1CE2358B294D0A3F2843 /* Frameworks */ = {
			isa = PBXFrameworksBuildPhase;
			buildActionMask = 2147483647;
			files = (
				45F16BD430300F6F029AE478 /* Cocoa.framework in Frameworks */,
				5E2138B682A54BE885D561E1 /* FSKit.framework in Frameworks */,
			);
			runOnlyForDeploymentPostprocessing = 0;
		};
/* End PBXFrameworksBuildPhase section */

/* Begin PBXGroup section */
		5249ACF4B47C0DD1B5FCBCFE /* VexFSApp */ = {
			isa = PBXGroup;
			children = (
				6D28655136F6C3AE749EC51A /* VexFSApp.swift */,
				ACD925958EF883345CE46C7D /* ContentView.swift */,
				2B548BA0C8FC4FE83BDADFAA /* VexFSApp.entitlements */,
			);
			name = VexFSApp;
			path = VexFSApp;
			sourceTree = "<group>";
		};
		9940EB58D403ACAE6F0D63D1 /* VexFSAppEx */ = {
			isa = PBXGroup;
			children = (
				AE67026F8EE22D6D7FDDF80B /* VexFSAppEx.swift */,
				ADC6AEF286D1A4ABBB5D64FC /* VexFSBackend.swift */,
				2F39B3A14283D310941712A9 /* VexFSFileSystem.swift */,
				7E0E0BBFF61E43527CEFB2D3 /* VexFSItem.swift */,
				44C93C9A924C2FE4F6908B8B /* VexFSVolume.swift */,
				61EE820F7CF3E4F8A29B0443 /* VexFSVolume+Operations.swift */,
				50A67298EECEEE0C501FD3D7 /* VexFS-Bridging-Header.h */,
				92DD930797D5751B88DD0B4C /* VexFSAppEx.entitlements */,
				C0B85E0FADEEE8DCCF88E2F2 /* Info.plist */,
			);
			name = VexFSAppEx;
			path = VexFSAppEx;
			sourceTree = "<group>";
		};
		AFB77C8A39FAFE054703C88A /* Products */ = {
			isa = PBXGroup;
			children = (
				955CCBFC4ADDE7F3B2AB6171 /* VexFSApp.app */,
				B9426785DC8CB247B8D17175 /* VexFSAppEx.appex */,
			);
			name = Products;
			sourceTree = "<group>";
		};
		C33214477C261251221288EE = {
			isa = PBXGroup;
			children = (
				AFB77C8A39FAFE054703C88A /* Products */,
				D07AD92FC8225E0F250C0546 /* Frameworks */,
				5249ACF4B47C0DD1B5FCBCFE /* VexFSApp */,
				9940EB58D403ACAE6F0D63D1 /* VexFSAppEx */,
			);
			sourceTree = "<group>";
		};
		D07AD92FC8225E0F250C0546 /* Frameworks */ = {
			isa = PBXGroup;
			children = (
				FAA5BD3C573B5E15140317D1 /* OS X */,
				8B6A0DDE2868EC68E6A66B4B /* FSKit.framework */,
			);
			name = Frameworks;
			sourceTree = "<group>";
		};
		FAA5BD3C573B5E15140317D1 /* OS X */ = {
			isa = PBXGroup;
			children = (
				7462B11A9FB54192939A31FB /* Cocoa.framework */,
			);
			name = "OS X";
			sourceTree = "<group>";
		};
/* End PBXGroup section */

/* Begin PBXNativeTarget section */
		755E955E75926D9A199A34AE /* VexFSAppEx */ = {
			isa = PBXNativeTarget;
			buildConfigurationList = 016567E2D1ACC4AB4EFB697A /* Build configuration list for PBXNativeTarget "VexFSAppEx" */;
			buildPhases = (
				5A328AF2F8ACEA4AC8F29B3C /* Build VexFS SQLite Core */,
				8FB42330433A1B49BFEDDE6F /* Sources */,
				FB3B1CE2358B294D0A3F2843 /* Frameworks */,
				3028435B675F4CF744C89BC5 /* Resources */,
			);
			buildRules = (
			);
			dependencies = (
			);
			name = VexFSAppEx;
			productName = VexFSAppEx;
			productReference = B9426785DC8CB247B8D17175 /* VexFSAppEx.appex */;
			productType = "com.apple.product-type.extensionkit-extension";
		};
		BAD729588513F880EAA2F59F /* VexFSApp */ = {
			isa = PBXNativeTarget;
			buildConfigurationList = 6581806B5669A7CF0E93B968 /* Build configuration list for PBXNativeTarget "VexFSApp" */;
			buildPhases = (
				E1E929D517CB3B3CFC12756C /* Sources */,
				A44DD1638B2FEDF54E7E6D9A /* Frameworks */,
				456B33A1846ED212B12332AD /* Resources */,
				AE3E23C090B6C56902DD5920 /* Embed ExtensionKit Extensions */,
			);
			buildRules = (
			);
			dependencies = (
				8A050C6C471C700BA18BBEF1 /* PBXTargetDependency */,
			);
			name = VexFSApp;
			productName = VexFSApp;
			productReference = 955CCBFC4ADDE7F3B2AB6171 /* VexFSApp.app */;
			productType = "com.apple.product-type.application";
		};
/* End PBXNativeTarget section */

/* Begin PBXProject section */
		ED84B2349ED06A80AABDC7EC /* Project object */ = {
			isa = PBXProject;
			attributes = {
				LastSwiftUpdateCheck = 2630;
				LastUpgradeCheck = 2630;
			};
			buildConfigurationList = 759F70EA6018D5E6B193E205 /* Build configuration list for PBXProject "VexFS" */;
			compatibilityVersion = "Xcode 3.2";
			developmentRegion = en;
			hasScannedForEncodings = 0;
			knownRegions = (
				en,
				Base,
			);
			mainGroup = C33214477C261251221288EE;
			minimizedProjectReferenceProxies = 0;
			preferredProjectObjectVersion = 77;
			productRefGroup = AFB77C8A39FAFE054703C88A /* Products */;
			projectDirPath = "";
			projectRoot = "";
			targets = (
				BAD729588513F880EAA2F59F /* VexFSApp */,
				755E955E75926D9A199A34AE /* VexFSAppEx */,
			);
		};
/* End PBXProject section */

/* Begin PBXResourcesBuildPhase section */
		3028435B675F4CF744C89BC5 /* Resources */ = {
			isa = PBXResourcesBuildPhase;
			buildActionMask = 2147483647;
			files = (
			);
			runOnlyForDeploymentPostprocessing = 0;
		};
		456B33A1846ED212B12332AD /* Resources */ = {
			isa = PBXResourcesBuildPhase;
			buildActionMask = 2147483647;
			files = (
			);
			runOnlyForDeploymentPostprocessing = 0;
		};
/* End PBXResourcesBuildPhase section */

/* Begin PBXShellScriptBuildPhase section */
		5A328AF2F8ACEA4AC8F29B3C /* Build VexFS SQLite Core */ = {
			isa = PBXShellScriptBuildPhase;
			alwaysOutOfDate = 1;
			buildActionMask = 2147483647;
			files = (
			);
			inputFileListPaths = (
			);
			inputPaths = (
			);
			name = "Build VexFS SQLite Core";
			outputFileListPaths = (
			);
			outputPaths = (
			);
			runOnlyForDeploymentPostprocessing = 0;
			shellPath = /bin/sh;
			shellScript = "set -e\nCMAKE_BIN=\"$(command -v cmake || true)\"\n[ -x \"$CMAKE_BIN\" ] || CMAKE_BIN=/opt/homebrew/bin/cmake\n[ -x \"$CMAKE_BIN\" ] || CMAKE_BIN=/usr/local/bin/cmake\n[ -x \"$CMAKE_BIN\" ] || { echo \"cmake is required\" >&2; exit 1; }\nBUILD_DIR=\"$SRCROOT/../../vexdb_sqlite/build-fskit\"\nBUILD_JOBS=\"${VEXDB_LITE_BUILD_JOBS:-4}\"\ncase \"$BUILD_JOBS\" in *[!0-9]*|0) echo \"VEXDB_LITE_BUILD_JOBS must be a positive integer\" >&2; exit 2;; esac\n[ \"$BUILD_JOBS\" -le 4 ] || BUILD_JOBS=4\n\"$CMAKE_BIN\" -S \"$SRCROOT/../../vexdb_sqlite\" -B \"$BUILD_DIR\" \\\n  -DCMAKE_BUILD_TYPE=\"$CONFIGURATION\" -DVEXDB_SQLITE_BUILD_TESTS=OFF\n\"$CMAKE_BIN\" --build \"$BUILD_DIR\" --target vexfs_runtime -j \"$BUILD_JOBS\"\n";
		};
/* End PBXShellScriptBuildPhase section */

/* Begin PBXSourcesBuildPhase section */
		8FB42330433A1B49BFEDDE6F /* Sources */ = {
			isa = PBXSourcesBuildPhase;
			buildActionMask = 2147483647;
			files = (
				B5409F3CA8A4250DE5EC350D /* VexFSAppEx.swift in Sources */,
				FC4015CAE58C58A33AB7D39B /* VexFSBackend.swift in Sources */,
				1C608A9018A4422EA1952C9C /* VexFSFileSystem.swift in Sources */,
				3780F8276301D1A2E0BFA83A /* VexFSItem.swift in Sources */,
				1EA761C45020F997EB84C888 /* VexFSVolume.swift in Sources */,
				EFE51E86624B1AAEE193E04A /* VexFSVolume+Operations.swift in Sources */,
			);
			runOnlyForDeploymentPostprocessing = 0;
		};
		E1E929D517CB3B3CFC12756C /* Sources */ = {
			isa = PBXSourcesBuildPhase;
			buildActionMask = 2147483647;
			files = (
				94CD0A2563F9AFB2FD7F6D7F /* VexFSApp.swift in Sources */,
				42FDB23ACE4332A35F1EC106 /* ContentView.swift in Sources */,
			);
			runOnlyForDeploymentPostprocessing = 0;
		};
/* End PBXSourcesBuildPhase section */

/* Begin PBXTargetDependency section */
		8A050C6C471C700BA18BBEF1 /* PBXTargetDependency */ = {
			isa = PBXTargetDependency;
			name = VexFSAppEx;
			target = 755E955E75926D9A199A34AE /* VexFSAppEx */;
			targetProxy = 27172AE9F45A0ED82BF173F0 /* PBXContainerItemProxy */;
		};
/* End PBXTargetDependency section */

/* Begin XCBuildConfiguration section */
		00F1949ED702892DE84D34BC /* Debug */ = {
			isa = XCBuildConfiguration;
			buildSettings = {
				ALWAYS_SEARCH_USER_PATHS = NO;
				CLANG_ANALYZER_NONNULL = YES;
				CLANG_ANALYZER_NUMBER_OBJECT_CONVERSION = YES_AGGRESSIVE;
				CLANG_CXX_LANGUAGE_STANDARD = "gnu++14";
				CLANG_CXX_LIBRARY = "libc++";
				CLANG_ENABLE_MODULES = YES;
				CLANG_ENABLE_OBJC_ARC = YES;
				CLANG_ENABLE_OBJC_WEAK = YES;
				CLANG_WARN_BLOCK_CAPTURE_AUTORELEASING = YES;
				CLANG_WARN_BOOL_CONVERSION = YES;
				CLANG_WARN_COMMA = YES;
				CLANG_WARN_CONSTANT_CONVERSION = YES;
				CLANG_WARN_DEPRECATED_OBJC_IMPLEMENTATIONS = YES;
				CLANG_WARN_DIRECT_OBJC_ISA_USAGE = YES_ERROR;
				CLANG_WARN_DOCUMENTATION_COMMENTS = YES;
				CLANG_WARN_EMPTY_BODY = YES;
				CLANG_WARN_ENUM_CONVERSION = YES;
				CLANG_WARN_INFINITE_RECURSION = YES;
				CLANG_WARN_INT_CONVERSION = YES;
				CLANG_WARN_NON_LITERAL_NULL_CONVERSION = YES;
				CLANG_WARN_OBJC_IMPLICIT_RETAIN_SELF = YES;
				CLANG_WARN_OBJC_LITERAL_CONVERSION = YES;
				CLANG_WARN_OBJC_ROOT_CLASS = YES_ERROR;
				CLANG_WARN_QUOTED_INCLUDE_IN_FRAMEWORK_HEADER = YES;
				CLANG_WARN_RANGE_LOOP_ANALYSIS = YES;
				CLANG_WARN_STRICT_PROTOTYPES = YES;
				CLANG_WARN_SUSPICIOUS_MOVE = YES;
				CLANG_WARN_UNGUARDED_AVAILABILITY = YES_AGGRESSIVE;
				CLANG_WARN_UNREACHABLE_CODE = YES;
				CLANG_WARN__DUPLICATE_METHOD_MATCH = YES;
				COPY_PHASE_STRIP = NO;
				DEBUG_INFORMATION_FORMAT = dwarf;
				ENABLE_STRICT_OBJC_MSGSEND = YES;
				ENABLE_TESTABILITY = YES;
				GCC_C_LANGUAGE_STANDARD = gnu11;
				GCC_DYNAMIC_NO_PIC = NO;
				GCC_NO_COMMON_BLOCKS = YES;
				GCC_OPTIMIZATION_LEVEL = 0;
				GCC_PREPROCESSOR_DEFINITIONS = (
					"DEBUG=1",
					"$(inherited)",
				);
				GCC_WARN_64_TO_32_BIT_CONVERSION = YES;
				GCC_WARN_ABOUT_RETURN_TYPE = YES_ERROR;
				GCC_WARN_UNDECLARED_SELECTOR = YES;
				GCC_WARN_UNINITIALIZED_AUTOS = YES_AGGRESSIVE;
				GCC_WARN_UNUSED_FUNCTION = YES;
				GCC_WARN_UNUSED_VARIABLE = YES;
				MACOSX_DEPLOYMENT_TARGET = 26.0;
				MTL_ENABLE_DEBUG_INFO = INCLUDE_SOURCE;
				MTL_FAST_MATH = YES;
				ONLY_ACTIVE_ARCH = YES;
				PRODUCT_NAME = "$(TARGET_NAME)";
				SDKROOT = macosx;
				SWIFT_ACTIVE_COMPILATION_CONDITIONS = DEBUG;
				SWIFT_OPTIMIZATION_LEVEL = "-Onone";
				SWIFT_VERSION = 5.0;
			};
			name = Debug;
		};
		2B05C13542B6725C575D64A9 /* Release */ = {
			isa = XCBuildConfiguration;
			buildSettings = {
				ALWAYS_SEARCH_USER_PATHS = NO;
				CLANG_ANALYZER_NONNULL = YES;
				CLANG_ANALYZER_NUMBER_OBJECT_CONVERSION = YES_AGGRESSIVE;
				CLANG_CXX_LANGUAGE_STANDARD = "gnu++14";
				CLANG_CXX_LIBRARY = "libc++";
				CLANG_ENABLE_MODULES = YES;
				CLANG_ENABLE_OBJC_ARC = YES;
				CLANG_ENABLE_OBJC_WEAK = YES;
				CLANG_WARN_BLOCK_CAPTURE_AUTORELEASING = YES;
				CLANG_WARN_BOOL_CONVERSION = YES;
				CLANG_WARN_COMMA = YES;
				CLANG_WARN_CONSTANT_CONVERSION = YES;
				CLANG_WARN_DEPRECATED_OBJC_IMPLEMENTATIONS = YES;
				CLANG_WARN_DIRECT_OBJC_ISA_USAGE = YES_ERROR;
				CLANG_WARN_DOCUMENTATION_COMMENTS = YES;
				CLANG_WARN_EMPTY_BODY = YES;
				CLANG_WARN_ENUM_CONVERSION = YES;
				CLANG_WARN_INFINITE_RECURSION = YES;
				CLANG_WARN_INT_CONVERSION = YES;
				CLANG_WARN_NON_LITERAL_NULL_CONVERSION = YES;
				CLANG_WARN_OBJC_IMPLICIT_RETAIN_SELF = YES;
				CLANG_WARN_OBJC_LITERAL_CONVERSION = YES;
				CLANG_WARN_OBJC_ROOT_CLASS = YES_ERROR;
				CLANG_WARN_QUOTED_INCLUDE_IN_FRAMEWORK_HEADER = YES;
				CLANG_WARN_RANGE_LOOP_ANALYSIS = YES;
				CLANG_WARN_STRICT_PROTOTYPES = YES;
				CLANG_WARN_SUSPICIOUS_MOVE = YES;
				CLANG_WARN_UNGUARDED_AVAILABILITY = YES_AGGRESSIVE;
				CLANG_WARN_UNREACHABLE_CODE = YES;
				CLANG_WARN__DUPLICATE_METHOD_MATCH = YES;
				COPY_PHASE_STRIP = NO;
				DEBUG_INFORMATION_FORMAT = "dwarf-with-dsym";
				ENABLE_NS_ASSERTIONS = NO;
				ENABLE_STRICT_OBJC_MSGSEND = YES;
				GCC_C_LANGUAGE_STANDARD = gnu11;
				GCC_NO_COMMON_BLOCKS = YES;
				GCC_WARN_64_TO_32_BIT_CONVERSION = YES;
				GCC_WARN_ABOUT_RETURN_TYPE = YES_ERROR;
				GCC_WARN_UNDECLARED_SELECTOR = YES;
				GCC_WARN_UNINITIALIZED_AUTOS = YES_AGGRESSIVE;
				GCC_WARN_UNUSED_FUNCTION = YES;
				GCC_WARN_UNUSED_VARIABLE = YES;
				MACOSX_DEPLOYMENT_TARGET = 26.0;
				MTL_ENABLE_DEBUG_INFO = NO;
				MTL_FAST_MATH = YES;
				PRODUCT_NAME = "$(TARGET_NAME)";
				SDKROOT = macosx;
				SWIFT_COMPILATION_MODE = wholemodule;
				SWIFT_OPTIMIZATION_LEVEL = "-O";
				SWIFT_VERSION = 5.0;
			};
			name = Release;
		};
		3D1A46E7C3D9E7486EA7515F /* Release */ = {
			isa = XCBuildConfiguration;
			buildSettings = {
				APPLICATION_EXTENSION_API_ONLY = YES;
				CODE_SIGN_ENTITLEMENTS = VexFSAppEx/VexFSAppEx.entitlements;
				CODE_SIGN_STYLE = Automatic;
				CURRENT_PROJECT_VERSION = 1;
				DEVELOPMENT_TEAM = BB5VK42K87;
				ENABLE_APP_SANDBOX = YES;
				ENABLE_HARDENED_RUNTIME = YES;
				ENABLE_USER_SCRIPT_SANDBOXING = NO;
				GENERATE_INFOPLIST_FILE = YES;
				HEADER_SEARCH_PATHS = (
					"$(inherited)",
					"\"$(SRCROOT)/../mount/common/include\"",
				);
				INFOPLIST_FILE = VexFSAppEx/Info.plist;
				INFOPLIST_KEY_CFBundleDisplayName = "VexFS file system";
				LD_RUNPATH_SEARCH_PATHS = "$(inherited) @executable_path/../Frameworks @executable_path/../../../../Frameworks";
				MACOSX_DEPLOYMENT_TARGET = 26.0;
				MARKETING_VERSION = 0.1.0;
				OTHER_LDFLAGS = (
					"$(inherited)",
					"\"$(SRCROOT)/../../vexdb_sqlite/build-fskit/libvexfs_runtime.a\"",
					"\"$(SRCROOT)/../../vexdb_sqlite/build-fskit/libvexdb_lite_static.a\"",
					"-lsqlite3",
					"-lc++",
				);
				PRODUCT_BUNDLE_IDENTIFIER = io.vexdb.vexfs.extension;
				PRODUCT_NAME = VexFSAppEx;
				SDKROOT = macosx;
				SKIP_INSTALL = YES;
				SWIFT_OBJC_BRIDGING_HEADER = "VexFSAppEx/VexFS-Bridging-Header.h";
			};
			name = Release;
		};
		4C1189A9B0E0C89A11F8F389 /* Release */ = {
			isa = XCBuildConfiguration;
			buildSettings = {
				ASSETCATALOG_COMPILER_APPICON_NAME = AppIcon;
				ASSETCATALOG_COMPILER_GLOBAL_ACCENT_COLOR_NAME = AccentColor;
				CODE_SIGN_ENTITLEMENTS = VexFSApp/VexFSApp.entitlements;
				CODE_SIGN_STYLE = Automatic;
				COMBINE_HIDPI_IMAGES = YES;
				CURRENT_PROJECT_VERSION = 1;
				DEVELOPMENT_TEAM = BB5VK42K87;
				ENABLE_APP_SANDBOX = YES;
				ENABLE_HARDENED_RUNTIME = YES;
				GENERATE_INFOPLIST_FILE = YES;
				INFOPLIST_KEY_CFBundleDisplayName = "VexDB Lite";
				LD_RUNPATH_SEARCH_PATHS = "$(inherited) @executable_path/../Frameworks";
				MACOSX_DEPLOYMENT_TARGET = 26.0;
				MARKETING_VERSION = 0.1.0;
				PRODUCT_BUNDLE_IDENTIFIER = io.vexdb.vexfs;
				PRODUCT_NAME = "VexDB Lite";
				SDKROOT = macosx;
			};
			name = Release;
		};
		5B6CE2F7E21FBD659FA20DBF /* Debug */ = {
			isa = XCBuildConfiguration;
			buildSettings = {
				ASSETCATALOG_COMPILER_APPICON_NAME = AppIcon;
				ASSETCATALOG_COMPILER_GLOBAL_ACCENT_COLOR_NAME = AccentColor;
				CODE_SIGN_ENTITLEMENTS = VexFSApp/VexFSApp.entitlements;
				CODE_SIGN_STYLE = Automatic;
				COMBINE_HIDPI_IMAGES = YES;
				CURRENT_PROJECT_VERSION = 1;
				DEVELOPMENT_TEAM = BB5VK42K87;
				ENABLE_APP_SANDBOX = YES;
				ENABLE_HARDENED_RUNTIME = YES;
				GENERATE_INFOPLIST_FILE = YES;
				INFOPLIST_KEY_CFBundleDisplayName = "VexDB Lite";
				LD_RUNPATH_SEARCH_PATHS = "$(inherited) @executable_path/../Frameworks";
				MACOSX_DEPLOYMENT_TARGET = 26.0;
				MARKETING_VERSION = 0.1.0;
				PRODUCT_BUNDLE_IDENTIFIER = io.vexdb.vexfs;
				PRODUCT_NAME = "VexDB Lite";
				SDKROOT = macosx;
			};
			name = Debug;
		};
		D4767CC85F241F3F0711CBC2 /* Debug */ = {
			isa = XCBuildConfiguration;
			buildSettings = {
				APPLICATION_EXTENSION_API_ONLY = YES;
				CODE_SIGN_ENTITLEMENTS = VexFSAppEx/VexFSAppEx.entitlements;
				CODE_SIGN_STYLE = Automatic;
				CURRENT_PROJECT_VERSION = 1;
				DEVELOPMENT_TEAM = BB5VK42K87;
				ENABLE_APP_SANDBOX = YES;
				ENABLE_HARDENED_RUNTIME = YES;
				ENABLE_USER_SCRIPT_SANDBOXING = NO;
				GENERATE_INFOPLIST_FILE = YES;
				HEADER_SEARCH_PATHS = (
					"$(inherited)",
					"\"$(SRCROOT)/../mount/common/include\"",
				);
				INFOPLIST_FILE = VexFSAppEx/Info.plist;
				INFOPLIST_KEY_CFBundleDisplayName = "VexFS file system";
				LD_RUNPATH_SEARCH_PATHS = "$(inherited) @executable_path/../Frameworks @executable_path/../../../../Frameworks";
				MACOSX_DEPLOYMENT_TARGET = 26.0;
				MARKETING_VERSION = 0.1.0;
				OTHER_LDFLAGS = (
					"$(inherited)",
					"\"$(SRCROOT)/../../vexdb_sqlite/build-fskit/libvexfs_runtime.a\"",
					"\"$(SRCROOT)/../../vexdb_sqlite/build-fskit/libvexdb_lite_static.a\"",
					"-lsqlite3",
					"-lc++",
				);
				PRODUCT_BUNDLE_IDENTIFIER = io.vexdb.vexfs.extension;
				PRODUCT_NAME = VexFSAppEx;
				SDKROOT = macosx;
				SKIP_INSTALL = YES;
				SWIFT_OBJC_BRIDGING_HEADER = "VexFSAppEx/VexFS-Bridging-Header.h";
			};
			name = Debug;
		};
/* End XCBuildConfiguration section */

/* Begin XCConfigurationList section */
		016567E2D1ACC4AB4EFB697A /* Build configuration list for PBXNativeTarget "VexFSAppEx" */ = {
			isa = XCConfigurationList;
			buildConfigurations = (
				3D1A46E7C3D9E7486EA7515F /* Release */,
				D4767CC85F241F3F0711CBC2 /* Debug */,
			);
			defaultConfigurationIsVisible = 0;
			defaultConfigurationName = Release;
		};
		6581806B5669A7CF0E93B968 /* Build configuration list for PBXNativeTarget "VexFSApp" */ = {
			isa = XCConfigurationList;
			buildConfigurations = (
				4C1189A9B0E0C89A11F8F389 /* Release */,
				5B6CE2F7E21FBD659FA20DBF /* Debug */,
			);
			defaultConfigurationIsVisible = 0;
			defaultConfigurationName = Release;
		};
		759F70EA6018D5E6B193E205 /* Build configuration list for PBXProject "VexFS" */ = {
			isa = XCConfigurationList;
			buildConfigurations = (
				00F1949ED702892DE84D34BC /* Debug */,
				2B05C13542B6725C575D64A9 /* Release */,
			);
			defaultConfigurationIsVisible = 0;
			defaultConfigurationName = Release;
		};
/* End XCConfigurationList section */
	};
	rootObject = ED84B2349ED06A80AABDC7EC /* Project object */;
}
